
Microsoft Visual Studio Solution File, Format Version 12.00
# Visual Studio 15
VisualStudioVersion = 15.0.28307.757
MinimumVisualStudioVersion = 10.0.40219.1
Project("{2150E333-8FDC-42A3-9474-1A3956D46DE8}") = "Microservices", "Microservices", "{AEDBC512-8560-48C4-9449-50AD138F0D9D}"
EndProject
Project("{2150E333-8FDC-42A3-9474-1A3956D46DE8}") = "Monolith", "Monolith", "{2C743409-B5F0-47CB-A960-97C3F202DCCA}"
EndProject
Project("{2150E333-8FDC-42A3-9474-1A3956D46DE8}") = "ApiGateways", "ApiGateways", "{0E81DE44-0923-43BE-B748-62FA6FD306E7}"
EndProject
Project("{2150E333-8FDC-42A3-9474-1A3956D46DE8}") = "Services", "Services", "{DFDBD4F8-48E9-4990-9103-78C17336E19F}"
EndProject
Project("{2150E333-8FDC-42A3-9474-1A3956D46DE8}") = "Web", "Web", "{C4B0DF67-98E3-4181-8BA8-A7272858182B}"
EndProject
Project("{2150E333-8FDC-42A3-9474-1A3956D46DE8}") = "Infrastructure", "Infrastructure", "{EE5ED6A7-E6F8-4EFB-9189-1401FA9F9052}"
EndProject
Project("{9A19103F-16F7-4668-BE54-9A1E7A4F7556}") = "ExchangeNetCore.ApiGateways", "ExchangeNetCore.ApiGateways\ExchangeNetCore.ApiGateways.csproj", "{89D442B8-F06F-475D-9129-A9CF5A1423CC}"
EndProject
Project("{2150E333-8FDC-42A3-9474-1A3956D46DE8}") = "Ordering", "Ordering", "{95D037B6-83A9-487A-A710-27648D06B1E8}"
EndProject
Project("{9A19103F-16F7-4668-BE54-9A1E7A4F7556}") = "ExchangeNetCore.Services.Ordering.Api", "ExchangeNetCore.Services.Ordering.Api\ExchangeNetCore.Services.Ordering.Api.csproj", "{0C9FAA1E-0593-4994-B402-BDCE8328F391}"
EndProject
Project("{2150E333-8FDC-42A3-9474-1A3956D46DE8}") = "Signalr", "Signalr", "{08E90390-3EDB-4EA6-8FCD-BD41FDCDB7F5}"
EndProject
Project("{9A19103F-16F7-4668-BE54-9A1E7A4F7556}") = "ExchangeNetCore.Services.Signalr.Api", "ExchangeNetCore.Services.Signalr.Api\ExchangeNetCore.Services.Signalr.Api.csproj", "{6D27745E-D8AF-4F66-97DD-74AEEE50F582}"
EndProject
Project("{9A19103F-16F7-4668-BE54-9A1E7A4F7556}") = "ExchangeNetCore.Web.WebApp", "ExchangeNetCore.Web.WebApp\ExchangeNetCore.Web.WebApp.csproj", "{650ADCDF-4C59-4621-8C98-C50445148452}"
EndProject
Project("{2150E333-8FDC-42A3-9474-1A3956D46DE8}") = "Identity", "Identity", "{E8B2329F-01FD-4A87-A84E-EC35B497D443}"
EndProject
Project("{9A19103F-16F7-4668-BE54-9A1E7A4F7556}") = "ExchangeNetCore.Infrastructure", "ExchangeNetCore.Infrastructure\ExchangeNetCore.Infrastructure.csproj", "{E8F74F7B-C5EF-436D-AEA8-C6C7A85765B9}"
EndProject
Project("{9A19103F-16F7-4668-BE54-9A1E7A4F7556}") = "ExchangeNetCore.MatchingEngine", "ExchangeNetCore.MatchingEngine\ExchangeNetCore.MatchingEngine.csproj", "{52169363-7D7F-4E11-BC24-FD7BD23E7D74}"
EndProject
Project("{2150E333-8FDC-42A3-9474-1A3956D46DE8}") = "Libraries", "Libraries", "{A76D9898-D099-4C62-BF41-D625AEA3D6DB}"
EndProject
Project("{9A19103F-16F7-4668-BE54-9A1E7A4F7556}") = "ExchangeNetCore.Monolith.Api", "ExchangeNetCore.Monolith.Api\ExchangeNetCore.Monolith.Api.csproj", "{C45BFC13-8483-47C3-8B4E-3B1A2AB04972}"
EndProject
Project("{9A19103F-16F7-4668-BE54-9A1E7A4F7556}") = "ExchangeNetCore.Monolith.WebApp", "ExchangeNetCore.Monolith.WebApp\ExchangeNetCore.Monolith.WebApp.csproj", "{A5444220-7C8D-4B62-8375-97C18667961C}"
EndProject
Global
	GlobalSection(SolutionConfigurationPlatforms) = preSolution
		Debug|Any CPU = Debug|Any CPU
		Release|Any CPU = Release|Any CPU
	EndGlobalSection
	GlobalSection(ProjectConfigurationPlatforms) = postSolution
		{89D442B8-F06F-475D-9129-A9CF5A1423CC}.Debug|Any CPU.ActiveCfg = Debug|Any CPU
		{89D442B8-F06F-475D-9129-A9CF5A1423CC}.Debug|Any CPU.Build.0 = Debug|Any CPU
		{89D442B8-F06F-475D-9129-A9CF5A1423CC}.Release|Any CPU.ActiveCfg = Release|Any CPU
		{89D442B8-F06F-475D-9129-A9CF5A1423CC}.Release|Any CPU.Build.0 = Release|Any CPU
		{0C9FAA1E-0593-4994-B402-BDCE8328F391}.Debug|Any CPU.ActiveCfg = Debug|Any CPU
		{0C9FAA1E-0593-4994-B402-BDCE8328F391}.Debug|Any CPU.Build.0 = Debug|Any CPU
		{0C9FAA1E-0593-4994-B402-BDCE8328F391}.Release|Any CPU.ActiveCfg = Release|Any CPU
		{0C9FAA1E-0593-4994-B402-BDCE8328F391}.Release|Any CPU.Build.0 = Release|Any CPU
		{6D27745E-D8AF-4F66-97DD-74AEEE50F582}.Debug|Any CPU.ActiveCfg = Debug|Any CPU
		{6D27745E-D8AF-4F66-97DD-74AEEE50F582}.Debug|Any CPU.Build.0 = Debug|Any CPU
		{6D27745E-D8AF-4F66-97DD-74AEEE50F582}.Release|Any CPU.ActiveCfg = Release|Any CPU
		{6D27745E-D8AF-4F66-97DD-74AEEE50F582}.Release|Any CPU.Build.0 = Release|Any CPU
		{650ADCDF-4C59-4621-8C98-C50445148452}.Debug|Any CPU.ActiveCfg = Debug|Any CPU
		{650ADCDF-4C59-4621-8C98-C50445148452}.Debug|Any CPU.Build.0 = Debug|Any CPU
		{650ADCDF-4C59-4621-8C98-C50445148452}.Release|Any CPU.ActiveCfg = Release|Any CPU
		{650ADCDF-4C59-4621-8C98-C50445148452}.Release|Any CPU.Build.0 = Release|Any CPU
		{E8F74F7B-C5EF-436D-AEA8-C6C7A85765B9}.Debug|Any CPU.ActiveCfg = Debug|Any CPU
		{E8F74F7B-C5EF-436D-AEA8-C6C7A85765B9}.Debug|Any CPU.Build.0 = Debug|Any CPU
		{E8F74F7B-C5EF-436D-AEA8-C6C7A85765B9}.Release|Any CPU.ActiveCfg = Release|Any CPU
		{E8F74F7B-C5EF-436D-AEA8-C6C7A85765B9}.Release|Any CPU.Build.0 = Release|Any CPU
		{52169363-7D7F-4E11-BC24-FD7BD23E7D74}.Debug|Any CPU.ActiveCfg = Debug|Any CPU
		{52169363-7D7F-4E11-BC24-FD7BD23E7D74}.Debug|Any CPU.Build.0 = Debug|Any CPU
		{52169363-7D7F-4E11-BC24-FD7BD23E7D74}.Release|Any CPU.ActiveCfg = Release|Any CPU
		{52169363-7D7F-4E11-BC24-FD7BD23E7D74}.Release|Any CPU.Build.0 = Release|Any CPU
		{C45BFC13-8483-47C3-8B4E-3B1A2AB04972}.Debug|Any CPU.ActiveCfg = Debug|Any CPU
		{C45BFC13-8483-47C3-8B4E-3B1A2AB04972}.Debug|Any CPU.Build.0 = Debug|Any CPU
		{C45BFC13-8483-47C3-8B4E-3B1A2AB04972}.Release|Any CPU.ActiveCfg = Release|Any CPU
		{C45BFC13-8483-47C3-8B4E-3B1A2AB04972}.Release|Any CPU.Build.0 = Release|Any CPU
		{A5444220-7C8D-4B62-8375-97C18667961C}.Debug|Any CPU.ActiveCfg = Debug|Any CPU
		{A5444220-7C8D-4B62-8375-97C18667961C}.Debug|Any CPU.Build.0 = Debug|Any CPU
		{A5444220-7C8D-4B62-8375-97C18667961C}.Release|Any CPU.ActiveCfg = Release|Any CPU
		{A5444220-7C8D-4B62-8375-97C18667961C}.Release|Any CPU.Build.0 = Release|Any CPU
	EndGlobalSection
	GlobalSection(SolutionProperties) = preSolution
		HideSolutionNode = FALSE
	EndGlobalSection
	GlobalSection(NestedProjects) = preSolution
		{0E81DE44-0923-43BE-B748-62FA6FD306E7} = {AEDBC512-8560-48C4-9449-50AD138F0D9D}
		{DFDBD4F8-48E9-4990-9103-78C17336E19F} = {AEDBC512-8560-48C4-9449-50AD138F0D9D}
		{C4B0DF67-98E3-4181-8BA8-A7272858182B} = {AEDBC512-8560-48C4-9449-50AD138F0D9D}
		{EE5ED6A7-E6F8-4EFB-9189-1401FA9F9052} = {AEDBC512-8560-48C4-9449-50AD138F0D9D}
		{89D442B8-F06F-475D-9129-A9CF5A1423CC} = {0E81DE44-0923-43BE-B748-62FA6FD306E7}
		{95D037B6-83A9-487A-A710-27648D06B1E8} = {DFDBD4F8-48E9-4990-9103-78C17336E19F}
		{0C9FAA1E-0593-4994-B402-BDCE8328F391} = {95D037B6-83A9-487A-A710-27648D06B1E8}
		{08E90390-3EDB-4EA6-8FCD-BD41FDCDB7F5} = {DFDBD4F8-48E9-4990-9103-78C17336E19F}
		{6D27745E-D8AF-4F66-97DD-74AEEE50F582} = {08E90390-3EDB-4EA6-8FCD-BD41FDCDB7F5}
		{650ADCDF-4C59-4621-8C98-C50445148452} = {C4B0DF67-98E3-4181-8BA8-A7272858182B}
		{E8B2329F-01FD-4A87-A84E-EC35B497D443} = {DFDBD4F8-48E9-4990-9103-78C17336E19F}
		{E8F74F7B-C5EF-436D-AEA8-C6C7A85765B9} = {EE5ED6A7-E6F8-4EFB-9189-1401FA9F9052}
		{52169363-7D7F-4E11-BC24-FD7BD23E7D74} = {A76D9898-D099-4C62-BF41-D625AEA3D6DB}
		{C45BFC13-8483-47C3-8B4E-3B1A2AB04972} = {2C743409-B5F0-47CB-A960-97C3F202DCCA}
		{A5444220-7C8D-4B62-8375-97C18667961C} = {2C743409-B5F0-47CB-A960-97C3F202DCCA}
	EndGlobalSection
	GlobalSection(ExtensibilityGlobals) = postSolution
		SolutionGuid = {5B62E8C0-EC43-47A0-8BC4-C3CC275B0593}
	EndGlobalSection
EndGlobal
